
Microsoft Visual Studio Solution File, Format Version 12.00
# Visual Studio Version 17
VisualStudioVersion = 17.3.32901.215
MinimumVisualStudioVersion = 10.0.40219.1
Project("{FAE04EC0-301F-11D3-BF4B-00C04F79EFBC}") = "Hw8LSP", "Hw8LSP.csproj", "{3C7E1939-1D35-4188-8091-EC24D30F539C}"
EndProject
Global
	GlobalSection(SolutionConfigurationPlatforms) = preSolution
		Debug|Any CPU = Debug|Any CPU
		Release|Any CPU = Release|Any CPU
	EndGlobalSection
	GlobalSection(ProjectConfigurationPlatforms) = postSolution
		{3C7E1939-1D35-4188-8091-EC24D30F539C}.Debug|Any CPU.ActiveCfg = Debug|Any CPU
		{3C7E1939-1D35-4188-8091-EC24D30F539C}.Debug|Any CPU.Build.0 = Debug|Any CPU
		{3C7E1939-1D35-4188-8091-EC24D30F539C}.Release|Any CPU.ActiveCfg = Release|Any CPU
		{3C7E1939-1D35-4188-8091-EC24D30F539C}.Release|Any CPU.Build.0 = Release|Any CPU
	EndGlobalSection
	GlobalSection(SolutionProperties) = preSolution
		HideSolutionNode = FALSE
	EndGlobalSection
	GlobalSection(ExtensibilityGlobals) = postSolution
		SolutionGuid = {915B92C9-4E5F-4E05-8804-55830E2F3591}
	EndGlobalSection
EndGlobal
